// !$*UTF8*$!
{
	archiveVersion = 1;
	classes = {
	};
	objectVersion = 50;
	objects = {

/* Begin PBXBuildFile section */
		5F257B5620BEE487003BEC2C /* AppDelegate.swift in Sources */ = {isa = PBXBuildFile; fileRef = 5F257B5520BEE487003BEC2C /* AppDelegate.swift */; };
		5F257B5B20BEE487003BEC2C /* Main.storyboard in Resources */ = {isa = PBXBuildFile; fileRef = 5F257B5920BEE487003BEC2C /* Main.storyboard */; };
		5F257B5D20BEE489003BEC2C /* Assets.xcassets in Resources */ = {isa = PBXBuildFile; fileRef = 5F257B5C20BEE489003BEC2C /* Assets.xcassets */; };
		5F257B6020BEE489003BEC2C /* LaunchScreen.storyboard in Resources */ = {isa = PBXBuildFile; fileRef = 5F257B5E20BEE489003BEC2C /* LaunchScreen.storyboard */; };
		5F257B6820BEE593003BEC2C /* DeviceTableViewCell.swift in Sources */ = {isa = PBXBuildFile; fileRef = 5F257B6720BEE593003BEC2C /* DeviceTableViewCell.swift */; };
		5F257B6A20BEE66F003BEC2C /* DeviceTableViewController.swift in Sources */ = {isa = PBXBuildFile; fileRef = 5F257B6920BEE66F003BEC2C /* DeviceTableViewController.swift */; };
		5F257B6C20BEE6BD003BEC2C /* Device.swift in Sources */ = {isa = PBXBuildFile; fileRef = 5F257B6B20BEE6BD003BEC2C /* Device.swift */; };
/* End PBXBuildFile section */

/* Begin PBXFileReference section */
		5F257B5220BEE487003BEC2C /* CrossPlatformProject.app */ = {isa = PBXFileReference; explicitFileType = wrapper.application; includeInIndex = 0; path = CrossPlatformProject.app; sourceTree = BUILT_PRODUCTS_DIR; };
		5F257B5520BEE487003BEC2C /* AppDelegate.swift */ = {isa = PBXFileReference; lastKnownFileType = sourcecode.swift; path = AppDelegate.swift; sourceTree = "<group>"; };
		5F257B5A20BEE487003BEC2C /* Base */ = {isa = PBXFileReference; lastKnownFileType = file.storyboard; name = Base; path = Base.lproj/Main.storyboard; sourceTree = "<group>"; };
		5F257B5C20BEE489003BEC2C /* Assets.xcassets */ = {isa = PBXFileReference; lastKnownFileType = folder.assetcatalog; path = Assets.xcassets; sourceTree = "<group>"; };
		5F257B5F20BEE489003BEC2C /* Base */ = {isa = PBXFileReference; lastKnownFileType = file.storyboard; name = Base; path = Base.lproj/LaunchScreen.storyboard; sourceTree = "<group>"; };
		5F257B6120BEE489003BEC2C /* Info.plist */ = {isa = PBXFileReference; lastKnownFileType = text.plist.xml; path = Info.plist; sourceTree = "<group>"; };
		5F257B6720BEE593003BEC2C /* DeviceTableViewCell.swift */ = {isa = PBXFileReference; lastKnownFileType = sourcecode.swift; path = DeviceTableViewCell.swift; sourceTree = "<group>"; };
		5F257B6920BEE66F003BEC2C /* DeviceTableViewController.swift */ = {isa = PBXFileReference; lastKnownFileType = sourcecode.swift; path = DeviceTableViewController.swift; sourceTree = "<group>"; };
		5F257B6B20BEE6BD003BEC2C /* Device.swift */ = {isa = PBXFileReference; lastKnownFileType = sourcecode.swift; path = Device.swift; sourceTree = "<group>"; };
/* End PBXFileReference section */

/* Begin PBXFrameworksBuildPhase section */
		5F257B4F20BEE487003BEC2C /* Frameworks */ = {
			isa = PBXFrameworksBuildPhase;
			buildActionMask = 2147483647;
			files = (
			);
			runOnlyForDeploymentPostprocessing = 0;
		};
/* End PBXFrameworksBuildPhase section */

/* Begin PBXGroup section */
		5F257B4920BEE487003BEC2C = {
			isa = PBXGroup;
			children = (
				5F257B5420BEE487003BEC2C /* CrossPlatformProject */,
				5F257B5320BEE487003BEC2C /* Products */,
			);
			sourceTree = "<group>";
		};
		5F257B5320BEE487003BEC2C /* Products */ = {
			isa = PBXGroup;
			children = (
				5F257B5220BEE487003BEC2C /* CrossPlatformProject.app */,
			);
			name = Products;
			sourceTree = "<group>";
		};
		5F257B5420BEE487003BEC2C /* CrossPlatformProject */ = {
			isa = PBXGroup;
			children = (
				5F257B5520BEE487003BEC2C /* AppDelegate.swift */,
				5F257B6720BEE593003BEC2C /* DeviceTableViewCell.swift */,
				5F257B6920BEE66F003BEC2C /* DeviceTableViewController.swift */,
				5F257B6B20BEE6BD003BEC2C /* Device.swift */,
				5F257B5920BEE487003BEC2C /* Main.storyboard */,
				5F257B5C20BEE489003BEC2C /* Assets.xcassets */,
				5F257B5E20BEE489003BEC2C /* LaunchScreen.storyboard */,
				5F257B6120BEE489003BEC2C /* Info.plist */,
			);
			path = CrossPlatformProject;
			sourceTree = "<group>";
		};
/* End PBXGroup section */

/* Begin PBXNativeTarget section */
		5F257B5120BEE487003BEC2C /* CrossPlatformProject */ = {
			isa = PBXNativeTarget;
			buildConfigurationList = 5F257B6420BEE489003BEC2C /* Build configuration list for PBXNativeTarget "CrossPlatformProject" */;
			buildPhases = (
				5F257B4E20BEE487003BEC2C /* Sources */,
				5F257B4F20BEE487003BEC2C /* Frameworks */,
				5F257B5020BEE487003BEC2C /* Resources */,
			);
			buildRules = (
			);
			dependencies = (
			);
			name = CrossPlatformProject;
			productName = CrossPlatformProject;
			productReference = 5F257B5220BEE487003BEC2C /* CrossPlatformProject.app */;
			productType = "com.apple.product-type.application";
		};
/* End PBXNativeTarget section */

/* Begin PBXProject section */
		5F257B4A20BEE487003BEC2C /* Project object */ = {
			isa = PBXProject;
			attributes = {
				LastSwiftUpdateCheck = 0940;
				LastUpgradeCheck = 0940;
				ORGANIZATIONNAME = "Gennaro Amura";
				TargetAttributes = {
					5F257B5120BEE487003BEC2C = {
						CreatedOnToolsVersion = 9.4;
					};
				};
			};
			buildConfigurationList = 5F257B4D20BEE487003BEC2C /* Build configuration list for PBXProject "CrossPlatformProject" */;
			compatibilityVersion = "Xcode 9.3";
			developmentRegion = en;
			hasScannedForEncodings = 0;
			knownRegions = (
				en,
				Base,
			);
			mainGroup = 5F257B4920BEE487003BEC2C;
			productRefGroup = 5F257B5320BEE487003BEC2C /* Products */;
			projectDirPath = "";
			projectRoot = "";
			targets = (
				5F257B5120BEE487003BEC2C /* CrossPlatformProject */,
			);
		};
/* End PBXProject section */

/* Begin PBXResourcesBuildPhase section */
		5F257B5020BEE487003BEC2C /* Resources */ = {
			isa = PBXResourcesBuildPhase;
			buildActionMask = 2147483647;
			files = (
				5F257B6020BEE489003BEC2C /* LaunchScreen.storyboard in Resources */,
				5F257B5D20BEE489003BEC2C /* Assets.xcassets in Resources */,
				5F257B5B20BEE487003BEC2C /* Main.storyboard in Resources */,
			);
			runOnlyForDeploymentPostprocessing = 0;
		};
/* End PBXResourcesBuildPhase section */

/* Begin PBXSourcesBuildPhase section */
		5F257B4E20BEE487003BEC2C /* Sources */ = {
			isa = PBXSourcesBuildPhase;
			buildActionMask = 2147483647;
			files = (
				5F257B6A20BEE66F003BEC2C /* DeviceTableViewController.swift in Sources */,
				5F257B6820BEE593003BEC2C /* DeviceTableViewCell.swift in Sources */,
				5F257B5620BEE487003BEC2C /* AppDelegate.swift in Sources */,
				5F257B6C20BEE6BD003BEC2C /* Device.swift in Sources */,
			);
			runOnlyForDeploymentPostprocessing = 0;
		};
/* End PBXSourcesBuildPhase section */

/* Begin PBXVariantGroup section */
		5F257B5920BEE487003BEC2C /* Main.storyboard */ = {
			isa = PBXVariantGroup;
			children = (
				5F257B5A20BEE487003BEC2C /* Base */,
			);
			name = Main.storyboard;
			sourceTree = "<group>";
		};
		5F257B5E20BEE489003BEC2C /* LaunchScreen.storyboard */ = {
			isa = PBXVariantGroup;
			children = (
				5F257B5F20BEE489003BEC2C /* Base */,
			);
			name = LaunchScreen.storyboard;
			sourceTree = "<group>";
		};
/* End PBXVariantGroup section */

/* Begin XCBuildConfiguration section */
		5F257B6220BEE489003BEC2C /* Debug */ = {
			isa = XCBuildConfiguration;
			buildSettings = {
				ALWAYS_SEARCH_USER_PATHS = NO;
				CLANG_ANALYZER_NONNULL = YES;
				CLANG_ANALYZER_NUMBER_OBJECT_CONVERSION = YES_AGGRESSIVE;
				CLANG_CXX_LANGUAGE_STANDARD = "gnu++14";
				CLANG_CXX_LIBRARY = "libc++";
				CLANG_ENABLE_MODULES = YES;
				CLANG_ENABLE_OBJC_ARC = YES;
				CLANG_ENABLE_OBJC_WEAK = YES;
				CLANG_WARN_BLOCK_CAPTURE_AUTORELEASING = YES;
				CLANG_WARN_BOOL_CONVERSION = YES;
				CLANG_WARN_COMMA = YES;
				CLANG_WARN_CONSTANT_CONVERSION = YES;
				CLANG_WARN_DEPRECATED_OBJC_IMPLEMENTATIONS = YES;
				CLANG_WARN_DIRECT_OBJC_ISA_USAGE = YES_ERROR;
				CLANG_WARN_DOCUMENTATION_COMMENTS = YES;
				CLANG_WARN_EMPTY_BODY = YES;
				CLANG_WARN_ENUM_CONVERSION = YES;
				CLANG_WARN_INFINITE_RECURSION = YES;
				CLANG_WARN_INT_CONVERSION = YES;
				CLANG_WARN_NON_LITERAL_NULL_CONVERSION = YES;
				CLANG_WARN_OBJC_IMPLICIT_RETAIN_SELF = YES;
				CLANG_WARN_OBJC_LITERAL_CONVERSION = YES;
				CLANG_WARN_OBJC_ROOT_CLASS = YES_ERROR;
				CLANG_WARN_RANGE_LOOP_ANALYSIS = YES;
				CLANG_WARN_STRICT_PROTOTYPES = YES;
				CLANG_WARN_SUSPICIOUS_MOVE = YES;
				CLANG_WARN_UNGUARDED_AVAILABILITY = YES_AGGRESSIVE;
				CLANG_WARN_UNREACHABLE_CODE = YES;
				CLANG_WARN__DUPLICATE_METHOD_MATCH = YES;
				CODE_SIGN_IDENTITY = "iPhone Developer";
				COPY_PHASE_STRIP = NO;
				DEBUG_INFORMATION_FORMAT = dwarf;
				ENABLE_STRICT_OBJC_MSGSEND = YES;
				ENABLE_TESTABILITY = YES;
				GCC_C_LANGUAGE_STANDARD = gnu11;
				GCC_DYNAMIC_NO_PIC = NO;
				GCC_NO_COMMON_BLOCKS = YES;
				GCC_OPTIMIZATION_LEVEL = 0;
				GCC_PREPROCESSOR_DEFINITIONS = (
					"DEBUG=1",
					"$(inherited)",
				);
				GCC_WARN_64_TO_32_BIT_CONVERSION = YES;
				GCC_WARN_ABOUT_RETURN_TYPE = YES_ERROR;
				GCC_WARN_UNDECLARED_SELECTOR = YES;
				GCC_WARN_UNINITIALIZED_AUTOS = YES_AGGRESSIVE;
				GCC_WARN_UNUSED_FUNCTION = YES;
				GCC_WARN_UNUSED_VARIABLE = YES;
				IPHONEOS_DEPLOYMENT_TARGET = 11.4;
				MTL_ENABLE_DEBUG_INFO = YES;
				ONLY_ACTIVE_ARCH = YES;
				SDKROOT = iphoneos;
				SWIFT_ACTIVE_COMPILATION_CONDITIONS = DEBUG;
				SWIFT_OPTIMIZATION_LEVEL = "-Onone";
			};
			name = Debug;
		};
		5F257B6320BEE489003BEC2C /* Release */ = {
			isa = XCBuildConfiguration;
			buildSettings = {
				ALWAYS_SEARCH_USER_PATHS = NO;
				CLANG_ANALYZER_NONNULL = YES;
				CLANG_ANALYZER_NUMBER_OBJECT_CONVERSION = YES_AGGRESSIVE;
				CLANG_CXX_LANGUAGE_STANDARD = "gnu++14";
				CLANG_CXX_LIBRARY = "libc++";
				CLANG_ENABLE_MODULES = YES;
				CLANG_ENABLE_OBJC_ARC = YES;
				CLANG_ENABLE_OBJC_WEAK = YES;
				CLANG_WARN_BLOCK_CAPTURE_AUTORELEASING = YES;
				CLANG_WARN_BOOL_CONVERSION = YES;
				CLANG_WARN_COMMA = YES;
				CLANG_WARN_CONSTANT_CONVERSION = YES;
				CLANG_WARN_DEPRECATED_OBJC_IMPLEMENTATIONS = YES;
				CLANG_WARN_DIRECT_OBJC_ISA_USAGE = YES_ERROR;
				CLANG_WARN_DOCUMENTATION_COMMENTS = YES;
				CLANG_WARN_EMPTY_BODY = YES;
				CLANG_WARN_ENUM_CONVERSION = YES;
				CLANG_WARN_INFINITE_RECURSION = YES;
				CLANG_WARN_INT_CONVERSION = YES;
				CLANG_WARN_NON_LITERAL_NULL_CONVERSION = YES;
				CLANG_WARN_OBJC_IMPLICIT_RETAIN_SELF = YES;
				CLANG_WARN_OBJC_LITERAL_CONVERSION = YES;
				CLANG_WARN_OBJC_ROOT_CLASS = YES_ERROR;
				CLANG_WARN_RANGE_LOOP_ANALYSIS = YES;
				CLANG_WARN_STRICT_PROTOTYPES = YES;
				CLANG_WARN_SUSPICIOUS_MOVE = YES;
				CLANG_WARN_UNGUARDED_AVAILABILITY = YES_AGGRESSIVE;
				CLANG_WARN_UNREACHABLE_CODE = YES;
				CLANG_WARN__DUPLICATE_METHOD_MATCH = YES;
				CODE_SIGN_IDENTITY = "iPhone Developer";
				COPY_PHASE_STRIP = NO;
				DEBUG_INFORMATION_FORMAT = "dwarf-with-dsym";
				ENABLE_NS_ASSERTIONS = NO;
				ENABLE_STRICT_OBJC_MSGSEND = YES;
				GCC_C_LANGUAGE_STANDARD = gnu11;
				GCC_NO_COMMON_BLOCKS = YES;
				GCC_WARN_64_TO_32_BIT_CONVERSION = YES;
				GCC_WARN_ABOUT_RETURN_TYPE = YES_ERROR;
				GCC_WARN_UNDECLARED_SELECTOR = YES;
				GCC_WARN_UNINITIALIZED_AUTOS = YES_AGGRESSIVE;
				GCC_WARN_UNUSED_FUNCTION = YES;
				GCC_WARN_UNUSED_VARIABLE = YES;
				IPHONEOS_DEPLOYMENT_TARGET = 11.4;
				MTL_ENABLE_DEBUG_INFO = NO;
				SDKROOT = iphoneos;
				SWIFT_COMPILATION_MODE = wholemodule;
				SWIFT_OPTIMIZATION_LEVEL = "-O";
				VALIDATE_PRODUCT = YES;
			};
			name = Release;
		};
		5F257B6520BEE489003BEC2C /* Debug */ = {
			isa = XCBuildConfiguration;
			buildSettings = {
				ASSETCATALOG_COMPILER_APPICON_NAME = AppIcon;
				CODE_SIGN_STYLE = Automatic;
				DEVELOPMENT_TEAM = BH42K5TN42;
				INFOPLIST_FILE = CrossPlatformProject/Info.plist;
				LD_RUNPATH_SEARCH_PATHS = (
					"$(inherited)",
					"@executable_path/Frameworks",
				);
				PRODUCT_BUNDLE_IDENTIFIER = slade9220.CrossPlatformProject;
				PRODUCT_NAME = "$(TARGET_NAME)";
				SWIFT_VERSION = 4.0;
				TARGETED_DEVICE_FAMILY = "1,2";
			};
			name = Debug;
		};
		5F257B6620BEE489003BEC2C /* Release */ = {
			isa = XCBuildConfiguration;
			buildSettings = {
				ASSETCATALOG_COMPILER_APPICON_NAME = AppIcon;
				CODE_SIGN_STYLE = Automatic;
				DEVELOPMENT_TEAM = BH42K5TN42;
				INFOPLIST_FILE = CrossPlatformProject/Info.plist;
				LD_RUNPATH_SEARCH_PATHS = (
					"$(inherited)",
					"@executable_path/Frameworks",
				);
				PRODUCT_BUNDLE_IDENTIFIER = slade9220.CrossPlatformProject;
				PRODUCT_NAME = "$(TARGET_NAME)";
				SWIFT_VERSION = 4.0;
				TARGETED_DEVICE_FAMILY = "1,2";
			};
			name = Release;
		};
/* End XCBuildConfiguration section */

/* Begin XCConfigurationList section */
		5F257B4D20BEE487003BEC2C /* Build configuration list for PBXProject "CrossPlatformProject" */ = {
			isa = XCConfigurationList;
			buildConfigurations = (
				5F257B6220BEE489003BEC2C /* Debug */,
				5F257B6320BEE489003BEC2C /* Release */,
			);
			defaultConfigurationIsVisible = 0;
			defaultConfigurationName = Release;
		};
		5F257B6420BEE489003BEC2C /* Build configuration list for PBXNativeTarget "CrossPlatformProject" */ = {
			isa = XCConfigurationList;
			buildConfigurations = (
				5F257B6520BEE489003BEC2C /* Debug */,
				5F257B6620BEE489003BEC2C /* Release */,
			);
			defaultConfigurationIsVisible = 0;
			defaultConfigurationName = Release;
		};
/* End XCConfigurationList section */
	};
	rootObject = 5F257B4A20BEE487003BEC2C /* Project object */;
}
